
Microsoft Visual Studio Solution File, Format Version 12.00
# Visual Studio 15
VisualStudioVersion = 15.0.26124.0
MinimumVisualStudioVersion = 15.0.26124.0
Project("{FAE04EC0-301F-11D3-BF4B-00C04F79EFBC}") = "PaymentContext.Domain", "PaymentContext.Domain\PaymentContext.Domain.csproj", "{DEDE7B72-C3EC-41A9-8346-5864DD72DD32}"
EndProject
Project("{FAE04EC0-301F-11D3-BF4B-00C04F79EFBC}") = "PaymentContext.Shared", "PaymentContext.Shared\PaymentContext.Shared.csproj", "{3CC883B9-D8E7-4C21-BBD3-66312EFDBEC8}"
EndProject
Project("{FAE04EC0-301F-11D3-BF4B-00C04F79EFBC}") = "PaymentContext.Tests", "PaymentContext.Tests\PaymentContext.Tests.csproj", "{E985F5D3-FB5C-4A3A-88EA-EE225E6C1DA1}"
EndProject
Global
	GlobalSection(SolutionConfigurationPlatforms) = preSolution
		Debug|Any CPU = Debug|Any CPU
		Debug|x64 = Debug|x64
		Debug|x86 = Debug|x86
		Release|Any CPU = Release|Any CPU
		Release|x64 = Release|x64
		Release|x86 = Release|x86
	EndGlobalSection
	GlobalSection(SolutionProperties) = preSolution
		HideSolutionNode = FALSE
	EndGlobalSection
	GlobalSection(ProjectConfigurationPlatforms) = postSolution
		{DEDE7B72-C3EC-41A9-8346-5864DD72DD32}.Debug|Any CPU.ActiveCfg = Debug|Any CPU
		{DEDE7B72-C3EC-41A9-8346-5864DD72DD32}.Debug|Any CPU.Build.0 = Debug|Any CPU
		{DEDE7B72-C3EC-41A9-8346-5864DD72DD32}.Debug|x64.ActiveCfg = Debug|Any CPU
		{DEDE7B72-C3EC-41A9-8346-5864DD72DD32}.Debug|x64.Build.0 = Debug|Any CPU
		{DEDE7B72-C3EC-41A9-8346-5864DD72DD32}.Debug|x86.ActiveCfg = Debug|Any CPU
		{DEDE7B72-C3EC-41A9-8346-5864DD72DD32}.Debug|x86.Build.0 = Debug|Any CPU
		{DEDE7B72-C3EC-41A9-8346-5864DD72DD32}.Release|Any CPU.ActiveCfg = Release|Any CPU
		{DEDE7B72-C3EC-41A9-8346-5864DD72DD32}.Release|Any CPU.Build.0 = Release|Any CPU
		{DEDE7B72-C3EC-41A9-8346-5864DD72DD32}.Release|x64.ActiveCfg = Release|Any CPU
		{DEDE7B72-C3EC-41A9-8346-5864DD72DD32}.Release|x64.Build.0 = Release|Any CPU
		{DEDE7B72-C3EC-41A9-8346-5864DD72DD32}.Release|x86.ActiveCfg = Release|Any CPU
		{DEDE7B72-C3EC-41A9-8346-5864DD72DD32}.Release|x86.Build.0 = Release|Any CPU
		{3CC883B9-D8E7-4C21-BBD3-66312EFDBEC8}.Debug|Any CPU.ActiveCfg = Debug|Any CPU
		{3CC883B9-D8E7-4C21-BBD3-66312EFDBEC8}.Debug|Any CPU.Build.0 = Debug|Any CPU
		{3CC883B9-D8E7-4C21-BBD3-66312EFDBEC8}.Debug|x64.ActiveCfg = Debug|Any CPU
		{3CC883B9-D8E7-4C21-BBD3-66312EFDBEC8}.Debug|x64.Build.0 = Debug|Any CPU
		{3CC883B9-D8E7-4C21-BBD3-66312EFDBEC8}.Debug|x86.ActiveCfg = Debug|Any CPU
		{3CC883B9-D8E7-4C21-BBD3-66312EFDBEC8}.Debug|x86.Build.0 = Debug|Any CPU
		{3CC883B9-D8E7-4C21-BBD3-66312EFDBEC8}.Release|Any CPU.ActiveCfg = Release|Any CPU
		{3CC883B9-D8E7-4C21-BBD3-66312EFDBEC8}.Release|Any CPU.Build.0 = Release|Any CPU
		{3CC883B9-D8E7-4C21-BBD3-66312EFDBEC8}.Release|x64.ActiveCfg = Release|Any CPU
		{3CC883B9-D8E7-4C21-BBD3-66312EFDBEC8}.Release|x64.Build.0 = Release|Any CPU
		{3CC883B9-D8E7-4C21-BBD3-66312EFDBEC8}.Release|x86.ActiveCfg = Release|Any CPU
		{3CC883B9-D8E7-4C21-BBD3-66312EFDBEC8}.Release|x86.Build.0 = Release|Any CPU
		{E985F5D3-FB5C-4A3A-88EA-EE225E6C1DA1}.Debug|Any CPU.ActiveCfg = Debug|Any CPU
		{E985F5D3-FB5C-4A3A-88EA-EE225E6C1DA1}.Debug|Any CPU.Build.0 = Debug|Any CPU
		{E985F5D3-FB5C-4A3A-88EA-EE225E6C1DA1}.Debug|x64.ActiveCfg = Debug|Any CPU
		{E985F5D3-FB5C-4A3A-88EA-EE225E6C1DA1}.Debug|x64.Build.0 = Debug|Any CPU
		{E985F5D3-FB5C-4A3A-88EA-EE225E6C1DA1}.Debug|x86.ActiveCfg = Debug|Any CPU
		{E985F5D3-FB5C-4A3A-88EA-EE225E6C1DA1}.Debug|x86.Build.0 = Debug|Any CPU
		{E985F5D3-FB5C-4A3A-88EA-EE225E6C1DA1}.Release|Any CPU.ActiveCfg = Release|Any CPU
		{E985F5D3-FB5C-4A3A-88EA-EE225E6C1DA1}.Release|Any CPU.Build.0 = Release|Any CPU
		{E985F5D3-FB5C-4A3A-88EA-EE225E6C1DA1}.Release|x64.ActiveCfg = Release|Any CPU
		{E985F5D3-FB5C-4A3A-88EA-EE225E6C1DA1}.Release|x64.Build.0 = Release|Any CPU
		{E985F5D3-FB5C-4A3A-88EA-EE225E6C1DA1}.Release|x86.ActiveCfg = Release|Any CPU
		{E985F5D3-FB5C-4A3A-88EA-EE225E6C1DA1}.Release|x86.Build.0 = Release|Any CPU
	EndGlobalSection
EndGlobal
